
Microsoft Visual Studio Solution File, Format Version 12.00
# Visual Studio Version 16
VisualStudioVersion = 16.0.32929.386
MinimumVisualStudioVersion = 10.0.40219.1
Project("{9A19103F-16F7-4668-BE54-9A1E7A4F7556}") = "OPP1", "OPP1\OPP1.csproj", "{585387AB-3E21-4B99-BC43-353C035D4F52}"
EndProject
Project("{FAE04EC0-301F-11D3-BF4B-00C04F79EFBC}") = "Koleksiyonlar", "Koleksiyonlar\Koleksiyonlar.csproj", "{468923BC-1CAB-4B01-83F4-6E0928C5B6FC}"
EndProject
Project("{FAE04EC0-301F-11D3-BF4B-00C04F79EFBC}") = "Genericsİntro", "Genericsİntro\Genericsİntro.csproj", "{24CD024F-BE02-40E2-97AB-833186AD5481}"
EndProject
Global
	GlobalSection(SolutionConfigurationPlatforms) = preSolution
		Debug|Any CPU = Debug|Any CPU
		Release|Any CPU = Release|Any CPU
	EndGlobalSection
	GlobalSection(ProjectConfigurationPlatforms) = postSolution
		{585387AB-3E21-4B99-BC43-353C035D4F52}.Debug|Any CPU.ActiveCfg = Debug|Any CPU
		{585387AB-3E21-4B99-BC43-353C035D4F52}.Debug|Any CPU.Build.0 = Debug|Any CPU
		{585387AB-3E21-4B99-BC43-353C035D4F52}.Release|Any CPU.ActiveCfg = Release|Any CPU
		{585387AB-3E21-4B99-BC43-353C035D4F52}.Release|Any CPU.Build.0 = Release|Any CPU
		{468923BC-1CAB-4B01-83F4-6E0928C5B6FC}.Debug|Any CPU.ActiveCfg = Debug|Any CPU
		{468923BC-1CAB-4B01-83F4-6E0928C5B6FC}.Debug|Any CPU.Build.0 = Debug|Any CPU
		{468923BC-1CAB-4B01-83F4-6E0928C5B6FC}.Release|Any CPU.ActiveCfg = Release|Any CPU
		{468923BC-1CAB-4B01-83F4-6E0928C5B6FC}.Release|Any CPU.Build.0 = Release|Any CPU
		{24CD024F-BE02-40E2-97AB-833186AD5481}.Debug|Any CPU.ActiveCfg = Debug|Any CPU
		{24CD024F-BE02-40E2-97AB-833186AD5481}.Debug|Any CPU.Build.0 = Debug|Any CPU
		{24CD024F-BE02-40E2-97AB-833186AD5481}.Release|Any CPU.ActiveCfg = Release|Any CPU
		{24CD024F-BE02-40E2-97AB-833186AD5481}.Release|Any CPU.Build.0 = Release|Any CPU
	EndGlobalSection
	GlobalSection(SolutionProperties) = preSolution
		HideSolutionNode = FALSE
	EndGlobalSection
	GlobalSection(ExtensibilityGlobals) = postSolution
		SolutionGuid = {A781B4CF-92CE-465A-9158-226F80D8123D}
	EndGlobalSection
EndGlobal
